
Microsoft Visual Studio Solution File, Format Version 12.00
# Visual Studio 2012
Project("{FAE04EC0-301F-11D3-BF4B-00C04F79EFBC}") = "SharpRpc", "SharpRpc\SharpRpc.csproj", "{2C63C96E-39CB-4812-A105-866BBEA4D6B3}"
EndProject
Project("{FAE04EC0-301F-11D3-BF4B-00C04F79EFBC}") = "SharpRpc.TestHost", "SharpRpc.TestHost\SharpRpc.TestHost.csproj", "{01C4DB73-0323-463B-B3E2-AEBD656BAE1B}"
EndProject
Project("{FAE04EC0-301F-11D3-BF4B-00C04F79EFBC}") = "SharpRpc.Tests", "SharpRpc.Tests\SharpRpc.Tests.csproj", "{190CA4AC-7A11-4923-A1DB-6CDA845B50C5}"
EndProject
Project("{FAE04EC0-301F-11D3-BF4B-00C04F79EFBC}") = "SharpRpc.TestCommon", "SharpRpc.TestCommon\SharpRpc.TestCommon.csproj", "{E43A74EE-F65A-4AD7-B690-E08F9BE74AC4}"
EndProject
Project("{FAE04EC0-301F-11D3-BF4B-00C04F79EFBC}") = "SharpRpc.TestClient", "SharpRpc.TestClient\SharpRpc.TestClient.csproj", "{5F1E7147-37D7-4CE5-A6E7-74AE3A48B961}"
EndProject
Project("{FAE04EC0-301F-11D3-BF4B-00C04F79EFBC}") = "SharpRpc.RealMyService", "SharpRpc.RealMyService\SharpRpc.RealMyService.csproj", "{01663FD4-248A-4432-A528-FB0FAFFA3494}"
EndProject
Project("{FAE04EC0-301F-11D3-BF4B-00C04F79EFBC}") = "SharpRpc.ProxyMyService", "SharpRpc.ProxyMyService\SharpRpc.ProxyMyService.csproj", "{B705F2F9-B44C-4612-8A1C-111761900FBB}"
EndProject
Project("{FAE04EC0-301F-11D3-BF4B-00C04F79EFBC}") = "ParseConsole", "ParseConsole\ParseConsole.csproj", "{9993381D-A292-4358-A713-8288FA684937}"
EndProject
Project("{FAE04EC0-301F-11D3-BF4B-00C04F79EFBC}") = "Sharp.Rpc.CommonObject", "Sharp.Rpc.CommonObject\Sharp.Rpc.CommonObject.csproj", "{A9D672A8-2880-48C2-AB22-074BD747D5B7}"
EndProject
Project("{FAE04EC0-301F-11D3-BF4B-00C04F79EFBC}") = "ProtocolBuffer", "ProtocolBuffer\ProtocolBuffer.csproj", "{23DE6551-EF92-4053-9A47-54B0F5711E86}"
EndProject
Project("{9344BDBB-3E7F-41FC-A0DD-8665D75EE146}") = "CPracticeProject", "CPracticeProject\CPracticeProject.mdproj", "{41317B5C-355F-4352-9549-76A7C6903C1F}"
EndProject
Project("{FAE04EC0-301F-11D3-BF4B-00C04F79EFBC}") = "HeroTonyLearnNUnit", "HeroTonyLearnNUnit\HeroTonyLearnNUnit.csproj", "{4797365A-A81C-48D3-8526-1A8A16A25E74}"
EndProject
Project("{FAE04EC0-301F-11D3-BF4B-00C04F79EFBC}") = "ParseConsole.Tests", "ParseConsole.Tests\ParseConsole.Tests.csproj", "{05314DFD-AC22-4FD9-A12C-0EE8D5260E65}"
EndProject
Project("{FAE04EC0-301F-11D3-BF4B-00C04F79EFBC}") = "Parse.Rpc.StepByStep", "Parse.Rpc.StepByStep\Parse.Rpc.StepByStep.csproj", "{D9D38405-33B2-4E61-9CB3-389091010037}"
EndProject
Global
	GlobalSection(SolutionConfigurationPlatforms) = preSolution
		Debug|Any CPU = Debug|Any CPU
		Release|Any CPU = Release|Any CPU
		Default|Any CPU = Default|Any CPU
	EndGlobalSection
	GlobalSection(ProjectConfigurationPlatforms) = postSolution
		{01663FD4-248A-4432-A528-FB0FAFFA3494}.Debug|Any CPU.ActiveCfg = Debug|Any CPU
		{01663FD4-248A-4432-A528-FB0FAFFA3494}.Debug|Any CPU.Build.0 = Debug|Any CPU
		{01663FD4-248A-4432-A528-FB0FAFFA3494}.Default|Any CPU.ActiveCfg = Debug|Any CPU
		{01663FD4-248A-4432-A528-FB0FAFFA3494}.Default|Any CPU.Build.0 = Debug|Any CPU
		{01663FD4-248A-4432-A528-FB0FAFFA3494}.Release|Any CPU.ActiveCfg = Release|Any CPU
		{01663FD4-248A-4432-A528-FB0FAFFA3494}.Release|Any CPU.Build.0 = Release|Any CPU
		{01C4DB73-0323-463B-B3E2-AEBD656BAE1B}.Debug|Any CPU.ActiveCfg = Debug|Any CPU
		{01C4DB73-0323-463B-B3E2-AEBD656BAE1B}.Debug|Any CPU.Build.0 = Debug|Any CPU
		{01C4DB73-0323-463B-B3E2-AEBD656BAE1B}.Default|Any CPU.ActiveCfg = Debug|Any CPU
		{01C4DB73-0323-463B-B3E2-AEBD656BAE1B}.Default|Any CPU.Build.0 = Debug|Any CPU
		{01C4DB73-0323-463B-B3E2-AEBD656BAE1B}.Release|Any CPU.ActiveCfg = Release|Any CPU
		{01C4DB73-0323-463B-B3E2-AEBD656BAE1B}.Release|Any CPU.Build.0 = Release|Any CPU
		{05314DFD-AC22-4FD9-A12C-0EE8D5260E65}.Debug|Any CPU.ActiveCfg = Debug|Any CPU
		{05314DFD-AC22-4FD9-A12C-0EE8D5260E65}.Debug|Any CPU.Build.0 = Debug|Any CPU
		{05314DFD-AC22-4FD9-A12C-0EE8D5260E65}.Default|Any CPU.ActiveCfg = Debug|Any CPU
		{05314DFD-AC22-4FD9-A12C-0EE8D5260E65}.Default|Any CPU.Build.0 = Debug|Any CPU
		{05314DFD-AC22-4FD9-A12C-0EE8D5260E65}.Release|Any CPU.ActiveCfg = Release|Any CPU
		{05314DFD-AC22-4FD9-A12C-0EE8D5260E65}.Release|Any CPU.Build.0 = Release|Any CPU
		{190CA4AC-7A11-4923-A1DB-6CDA845B50C5}.Debug|Any CPU.ActiveCfg = Debug|Any CPU
		{190CA4AC-7A11-4923-A1DB-6CDA845B50C5}.Debug|Any CPU.Build.0 = Debug|Any CPU
		{190CA4AC-7A11-4923-A1DB-6CDA845B50C5}.Default|Any CPU.ActiveCfg = Debug|Any CPU
		{190CA4AC-7A11-4923-A1DB-6CDA845B50C5}.Default|Any CPU.Build.0 = Debug|Any CPU
		{190CA4AC-7A11-4923-A1DB-6CDA845B50C5}.Release|Any CPU.ActiveCfg = Release|Any CPU
		{190CA4AC-7A11-4923-A1DB-6CDA845B50C5}.Release|Any CPU.Build.0 = Release|Any CPU
		{23DE6551-EF92-4053-9A47-54B0F5711E86}.Debug|Any CPU.ActiveCfg = Debug|Any CPU
		{23DE6551-EF92-4053-9A47-54B0F5711E86}.Debug|Any CPU.Build.0 = Debug|Any CPU
		{23DE6551-EF92-4053-9A47-54B0F5711E86}.Default|Any CPU.ActiveCfg = Debug|Any CPU
		{23DE6551-EF92-4053-9A47-54B0F5711E86}.Default|Any CPU.Build.0 = Debug|Any CPU
		{23DE6551-EF92-4053-9A47-54B0F5711E86}.Release|Any CPU.ActiveCfg = Release|Any CPU
		{23DE6551-EF92-4053-9A47-54B0F5711E86}.Release|Any CPU.Build.0 = Release|Any CPU
		{2C63C96E-39CB-4812-A105-866BBEA4D6B3}.Debug|Any CPU.ActiveCfg = Debug|Any CPU
		{2C63C96E-39CB-4812-A105-866BBEA4D6B3}.Debug|Any CPU.Build.0 = Debug|Any CPU
		{2C63C96E-39CB-4812-A105-866BBEA4D6B3}.Debug|Any CPU.Deploy.0 = Debug|Any CPU
		{2C63C96E-39CB-4812-A105-866BBEA4D6B3}.Default|Any CPU.ActiveCfg = Debug|Any CPU
		{2C63C96E-39CB-4812-A105-866BBEA4D6B3}.Default|Any CPU.Build.0 = Debug|Any CPU
		{2C63C96E-39CB-4812-A105-866BBEA4D6B3}.Release|Any CPU.ActiveCfg = Release|Any CPU
		{2C63C96E-39CB-4812-A105-866BBEA4D6B3}.Release|Any CPU.Build.0 = Release|Any CPU
		{41317B5C-355F-4352-9549-76A7C6903C1F}.Debug|Any CPU.ActiveCfg = Default|Any CPU
		{41317B5C-355F-4352-9549-76A7C6903C1F}.Debug|Any CPU.Build.0 = Default|Any CPU
		{41317B5C-355F-4352-9549-76A7C6903C1F}.Default|Any CPU.ActiveCfg = Default|Any CPU
		{41317B5C-355F-4352-9549-76A7C6903C1F}.Default|Any CPU.Build.0 = Default|Any CPU
		{41317B5C-355F-4352-9549-76A7C6903C1F}.Release|Any CPU.ActiveCfg = Default|Any CPU
		{41317B5C-355F-4352-9549-76A7C6903C1F}.Release|Any CPU.Build.0 = Default|Any CPU
		{4797365A-A81C-48D3-8526-1A8A16A25E74}.Debug|Any CPU.ActiveCfg = Debug|Any CPU
		{4797365A-A81C-48D3-8526-1A8A16A25E74}.Debug|Any CPU.Build.0 = Debug|Any CPU
		{4797365A-A81C-48D3-8526-1A8A16A25E74}.Default|Any CPU.ActiveCfg = Debug|Any CPU
		{4797365A-A81C-48D3-8526-1A8A16A25E74}.Default|Any CPU.Build.0 = Debug|Any CPU
		{4797365A-A81C-48D3-8526-1A8A16A25E74}.Release|Any CPU.ActiveCfg = Release|Any CPU
		{4797365A-A81C-48D3-8526-1A8A16A25E74}.Release|Any CPU.Build.0 = Release|Any CPU
		{5F1E7147-37D7-4CE5-A6E7-74AE3A48B961}.Debug|Any CPU.ActiveCfg = Debug|Any CPU
		{5F1E7147-37D7-4CE5-A6E7-74AE3A48B961}.Debug|Any CPU.Build.0 = Debug|Any CPU
		{5F1E7147-37D7-4CE5-A6E7-74AE3A48B961}.Default|Any CPU.ActiveCfg = Debug|Any CPU
		{5F1E7147-37D7-4CE5-A6E7-74AE3A48B961}.Default|Any CPU.Build.0 = Debug|Any CPU
		{5F1E7147-37D7-4CE5-A6E7-74AE3A48B961}.Release|Any CPU.ActiveCfg = Release|Any CPU
		{5F1E7147-37D7-4CE5-A6E7-74AE3A48B961}.Release|Any CPU.Build.0 = Release|Any CPU
		{9993381D-A292-4358-A713-8288FA684937}.Debug|Any CPU.ActiveCfg = Debug|Any CPU
		{9993381D-A292-4358-A713-8288FA684937}.Debug|Any CPU.Build.0 = Debug|Any CPU
		{9993381D-A292-4358-A713-8288FA684937}.Default|Any CPU.ActiveCfg = Debug|Any CPU
		{9993381D-A292-4358-A713-8288FA684937}.Default|Any CPU.Build.0 = Debug|Any CPU
		{9993381D-A292-4358-A713-8288FA684937}.Release|Any CPU.ActiveCfg = Release|Any CPU
		{9993381D-A292-4358-A713-8288FA684937}.Release|Any CPU.Build.0 = Release|Any CPU
		{A9D672A8-2880-48C2-AB22-074BD747D5B7}.Debug|Any CPU.ActiveCfg = Debug|Any CPU
		{A9D672A8-2880-48C2-AB22-074BD747D5B7}.Debug|Any CPU.Build.0 = Debug|Any CPU
		{A9D672A8-2880-48C2-AB22-074BD747D5B7}.Default|Any CPU.ActiveCfg = Debug|Any CPU
		{A9D672A8-2880-48C2-AB22-074BD747D5B7}.Default|Any CPU.Build.0 = Debug|Any CPU
		{A9D672A8-2880-48C2-AB22-074BD747D5B7}.Release|Any CPU.ActiveCfg = Release|Any CPU
		{A9D672A8-2880-48C2-AB22-074BD747D5B7}.Release|Any CPU.Build.0 = Release|Any CPU
		{B705F2F9-B44C-4612-8A1C-111761900FBB}.Debug|Any CPU.ActiveCfg = Debug|Any CPU
		{B705F2F9-B44C-4612-8A1C-111761900FBB}.Debug|Any CPU.Build.0 = Debug|Any CPU
		{B705F2F9-B44C-4612-8A1C-111761900FBB}.Default|Any CPU.ActiveCfg = Debug|Any CPU
		{B705F2F9-B44C-4612-8A1C-111761900FBB}.Default|Any CPU.Build.0 = Debug|Any CPU
		{B705F2F9-B44C-4612-8A1C-111761900FBB}.Release|Any CPU.ActiveCfg = Release|Any CPU
		{B705F2F9-B44C-4612-8A1C-111761900FBB}.Release|Any CPU.Build.0 = Release|Any CPU
		{D9D38405-33B2-4E61-9CB3-389091010037}.Debug|Any CPU.ActiveCfg = Debug|Any CPU
		{D9D38405-33B2-4E61-9CB3-389091010037}.Debug|Any CPU.Build.0 = Debug|Any CPU
		{D9D38405-33B2-4E61-9CB3-389091010037}.Default|Any CPU.ActiveCfg = Debug|Any CPU
		{D9D38405-33B2-4E61-9CB3-389091010037}.Default|Any CPU.Build.0 = Debug|Any CPU
		{D9D38405-33B2-4E61-9CB3-389091010037}.Release|Any CPU.ActiveCfg = Release|Any CPU
		{D9D38405-33B2-4E61-9CB3-389091010037}.Release|Any CPU.Build.0 = Release|Any CPU
		{E43A74EE-F65A-4AD7-B690-E08F9BE74AC4}.Debug|Any CPU.ActiveCfg = Debug|Any CPU
		{E43A74EE-F65A-4AD7-B690-E08F9BE74AC4}.Debug|Any CPU.Build.0 = Debug|Any CPU
		{E43A74EE-F65A-4AD7-B690-E08F9BE74AC4}.Default|Any CPU.ActiveCfg = Debug|Any CPU
		{E43A74EE-F65A-4AD7-B690-E08F9BE74AC4}.Default|Any CPU.Build.0 = Debug|Any CPU
		{E43A74EE-F65A-4AD7-B690-E08F9BE74AC4}.Release|Any CPU.ActiveCfg = Release|Any CPU
		{E43A74EE-F65A-4AD7-B690-E08F9BE74AC4}.Release|Any CPU.Build.0 = Release|Any CPU
	EndGlobalSection
	GlobalSection(MonoDevelopProperties) = preSolution
		StartupItem = ParseConsole.Tests\ParseConsole.Tests.csproj
	EndGlobalSection
	GlobalSection(SolutionProperties) = preSolution
		HideSolutionNode = FALSE
	EndGlobalSection
EndGlobal
